
Microsoft Visual Studio Solution File, Format Version 12.00
# Visual Studio Version 16
VisualStudioVersion = 16.0.33529.622
MinimumVisualStudioVersion = 10.0.40219.1
Project("{FAE04EC0-301F-11D3-BF4B-00C04F79EFBC}") = "2.2MVCindi", "2.2MVCindi\2.2MVCindi.csproj", "{0B615863-ABF8-487E-A245-5AB2C767E385}"
EndProject
Global
	GlobalSection(SolutionConfigurationPlatforms) = preSolution
		Debug|Any CPU = Debug|Any CPU
		Release|Any CPU = Release|Any CPU
	EndGlobalSection
	GlobalSection(ProjectConfigurationPlatforms) = postSolution
		{0B615863-ABF8-487E-A245-5AB2C767E385}.Debug|Any CPU.ActiveCfg = Debug|Any CPU
		{0B615863-ABF8-487E-A245-5AB2C767E385}.Debug|Any CPU.Build.0 = Debug|Any CPU
		{0B615863-ABF8-487E-A245-5AB2C767E385}.Release|Any CPU.ActiveCfg = Release|Any CPU
		{0B615863-ABF8-487E-A245-5AB2C767E385}.Release|Any CPU.Build.0 = Release|Any CPU
	EndGlobalSection
	GlobalSection(SolutionProperties) = preSolution
		HideSolutionNode = FALSE
	EndGlobalSection
	GlobalSection(ExtensibilityGlobals) = postSolution
		SolutionGuid = {EEB6408F-4B8E-4202-AF41-D2582239E737}
	EndGlobalSection
EndGlobal
